{
  "name": "react-todo-",
  "version": "1.0.0",
  "lockfileVersion": 2,
  "requires": true,
  "packages": {
    "": {
      "name": "react-todo-",
      "version": "1.0.0",
      "license": "ISC",
      "dependencies": {
        "react-hooks": "^1.0.1"
      }
    },
    "node_modules/react-hooks": {
      "version": "1.0.1",
      "resolved": "https://registry.npmjs.org/react-hooks/-/react-hooks-1.0.1.tgz",
      "integrity": "sha1-5iGXw4zY0HAwYPeRI09/RpiqfEQ="
    }
  },
  "dependencies": {
    "react-hooks": {
      "version": "1.0.1",
      "resolved": "https://registry.npmjs.org/react-hooks/-/react-hooks-1.0.1.tgz",
      "integrity": "sha1-5iGXw4zY0HAwYPeRI09/RpiqfEQ="
    }
  }
}
